
Microsoft Visual Studio Solution File, Format Version 12.00
# Visual Studio Version 16
VisualStudioVersion = 16.0.31019.35
MinimumVisualStudioVersion = 10.0.40219.1
Project("{9A19103F-16F7-4668-BE54-9A1E7A4F7556}") = "API", "API\API.csproj", "{7129F205-665D-4A00-B9B1-F667EB62BB1B}"
EndProject
Global
	GlobalSection(SolutionConfigurationPlatforms) = preSolution
		Debug|Any CPU = Debug|Any CPU
		Release|Any CPU = Release|Any CPU
	EndGlobalSection
	GlobalSection(ProjectConfigurationPlatforms) = postSolution
		{7129F205-665D-4A00-B9B1-F667EB62BB1B}.Debug|Any CPU.ActiveCfg = Debug|Any CPU
		{7129F205-665D-4A00-B9B1-F667EB62BB1B}.Debug|Any CPU.Build.0 = Debug|Any CPU
		{7129F205-665D-4A00-B9B1-F667EB62BB1B}.Release|Any CPU.ActiveCfg = Release|Any CPU
		{7129F205-665D-4A00-B9B1-F667EB62BB1B}.Release|Any CPU.Build.0 = Release|Any CPU
	EndGlobalSection
	GlobalSection(SolutionProperties) = preSolution
		HideSolutionNode = FALSE
	EndGlobalSection
	GlobalSection(ExtensibilityGlobals) = postSolution
		SolutionGuid = {12AA0A32-158D-49D5-A139-25989E111487}
	EndGlobalSection
EndGlobal
